
Microsoft Visual Studio Solution File, Format Version 12.00
Project("{FAE04EC0-301F-11D3-BF4B-00C04F79EFBC}") = "ControleContatos", "ControleContatos\ControleContatos.csproj", "{2CA924EB-70ED-4819-912D-75FF45EB6884}"
EndProject
Global
	GlobalSection(SolutionConfigurationPlatforms) = preSolution
		Debug|Any CPU = Debug|Any CPU
		Release|Any CPU = Release|Any CPU
	EndGlobalSection
	GlobalSection(ProjectConfigurationPlatforms) = postSolution
		{2CA924EB-70ED-4819-912D-75FF45EB6884}.Debug|Any CPU.ActiveCfg = Debug|Any CPU
		{2CA924EB-70ED-4819-912D-75FF45EB6884}.Debug|Any CPU.Build.0 = Debug|Any CPU
		{2CA924EB-70ED-4819-912D-75FF45EB6884}.Release|Any CPU.ActiveCfg = Release|Any CPU
		{2CA924EB-70ED-4819-912D-75FF45EB6884}.Release|Any CPU.Build.0 = Release|Any CPU
	EndGlobalSection
EndGlobal
